
Microsoft Visual Studio Solution File, Format Version 12.00
# Visual Studio Version 17
VisualStudioVersion = 17.14.36429.23
MinimumVisualStudioVersion = 10.0.40219.1
Project("{2150E333-8FDC-42A3-9474-1A3956D46DE8}") = "Task0", "Task0", "{02EA681E-C7D8-13C7-8484-4AC65E1B71E8}"
EndProject
Project("{FAE04EC0-301F-11D3-BF4B-00C04F79EFBC}") = "Tyuiu.BatogovRK.Sprint3.Task0.V2.Lib", "Tyuiu.BatogovRK.Sprint3.Task0.V2.Lib\Tyuiu.BatogovRK.Sprint3.Task0.V2.Lib.csproj", "{5D3A8EDA-2B1B-495C-958E-88A69BF71C1A}"
EndProject
Project("{FAE04EC0-301F-11D3-BF4B-00C04F79EFBC}") = "Tyuiu.BatogovRK.Sprint3.Task0.V2.Test", "Tyuiu.BatogovRK.Sprint3.Task0.V2.Test\Tyuiu.BatogovRK.Sprint3.Task0.V2.Test.csproj", "{E4F663DD-EA0B-4C1A-91B3-F2616AE4FF50}"
EndProject
Project("{FAE04EC0-301F-11D3-BF4B-00C04F79EFBC}") = "Tyuiu.BatogovRK.Sprint3.Task0.V2", "Tyuiu.BatogovRK.Sprint3.Task0.V2\Tyuiu.BatogovRK.Sprint3.Task0.V2.csproj", "{77F9E629-5332-43C2-919D-2EB413F31546}"
EndProject
Project("{2150E333-8FDC-42A3-9474-1A3956D46DE8}") = "Task1", "Task1", "{B9AC5CB5-D8AC-4640-8C64-12236279D6EA}"
EndProject
Project("{FAE04EC0-301F-11D3-BF4B-00C04F79EFBC}") = "Tyuiu.BatogovRK.Sprint3.Task1.V27", "Tyuiu.BatogovRK.Sprint3.Task1.V27\Tyuiu.BatogovRK.Sprint3.Task1.V27.csproj", "{DFA278B2-0B6E-4DD2-A5D8-54FFBF46E027}"
EndProject
Project("{FAE04EC0-301F-11D3-BF4B-00C04F79EFBC}") = "Tyuiu.BatogovRK.Sprint3.Task1.V27.Test", "Tyuiu.BatogovRK.Sprint3.Task1.V27.Test\Tyuiu.BatogovRK.Sprint3.Task1.V27.Test.csproj", "{3F2FBF6D-0C43-4693-A84B-438F256BFA78}"
EndProject
Project("{FAE04EC0-301F-11D3-BF4B-00C04F79EFBC}") = "Tyuiu.BatogovRK.Sprint3.Task1.V27.Lib", "Tyuiu.BatogovRK.Sprint3.Task1.V27.Lib\Tyuiu.BatogovRK.Sprint3.Task1.V27.Lib.csproj", "{749804D5-0713-457C-8F94-77AAE01D3CA5}"
EndProject
Project("{2150E333-8FDC-42A3-9474-1A3956D46DE8}") = "Task2", "Task2", "{45A7BA6F-BC46-49C4-B5B0-471658219939}"
EndProject
Project("{FAE04EC0-301F-11D3-BF4B-00C04F79EFBC}") = "Tyuiu.BatogovRK.Sprint3.Task2.V15.Lib", "Tyuiu.BatogovRK.Sprint3.Task2.V15.Lib\Tyuiu.BatogovRK.Sprint3.Task2.V15.Lib.csproj", "{60C7B6C3-04CF-418C-9442-520F97475542}"
EndProject
Project("{FAE04EC0-301F-11D3-BF4B-00C04F79EFBC}") = "Tyuiu.BatogovRK.Sprint3.Task2.V15.Test", "Tyuiu.BatogovRK.Sprint3.Task2.V15.Test\Tyuiu.BatogovRK.Sprint3.Task2.V15.Test.csproj", "{CCEB6001-7BC2-4EB8-A14E-9723674807DC}"
EndProject
Project("{FAE04EC0-301F-11D3-BF4B-00C04F79EFBC}") = "Tyuiu.BatogovRK.Sprint3.Task2.V15", "Tyuiu.BatogovRK.Sprint3.Task2.V15\Tyuiu.BatogovRK.Sprint3.Task2.V15.csproj", "{9D15C904-1477-4318-A1E2-A40C6DF17847}"
EndProject
Project("{2150E333-8FDC-42A3-9474-1A3956D46DE8}") = "Task3", "Task3", "{72893C23-F162-44D7-831F-FB2A5BFADB69}"
EndProject
Project("{FAE04EC0-301F-11D3-BF4B-00C04F79EFBC}") = "Tyuiu.BatogovRK.Sprint3.Task3.V14.Lib", "Tyuiu.BatogovRK.Sprint3.Task3.V14.Lib\Tyuiu.BatogovRK.Sprint3.Task3.V14.Lib.csproj", "{5D2D5E98-F20A-4FF0-8527-5F6B2B621602}"
EndProject
Project("{FAE04EC0-301F-11D3-BF4B-00C04F79EFBC}") = "Tyuiu.BatogovRK.Sprint3.Task3.V14.Test", "Tyuiu.BatogovRK.Sprint3.Task3.V14.Test\Tyuiu.BatogovRK.Sprint3.Task3.V14.Test.csproj", "{D4C03DC7-6AD3-4627-B431-2057070AFAB8}"
EndProject
Project("{FAE04EC0-301F-11D3-BF4B-00C04F79EFBC}") = "Tyuiu.BatogovRK.Sprint3.Task3.V14", "Tyuiu.BatogovRK.Sprint3.Task3.V14\Tyuiu.BatogovRK.Sprint3.Task3.V14.csproj", "{B3AFFC63-8ADE-4B02-9A14-972ACA048696}"
EndProject
Project("{2150E333-8FDC-42A3-9474-1A3956D46DE8}") = "Task4", "Task4", "{5BAF947F-C748-4A10-907D-ECABB0265104}"
EndProject
Project("{FAE04EC0-301F-11D3-BF4B-00C04F79EFBC}") = "Tyuiu.BatogovRK.Sprint3.Task4.V23.Test", "Tyuiu.BatogovRK.Sprint3.Task4.V23.Test\Tyuiu.BatogovRK.Sprint3.Task4.V23.Test.csproj", "{1D82953F-2CD9-4471-A01B-4BE3AA466A09}"
EndProject
Project("{FAE04EC0-301F-11D3-BF4B-00C04F79EFBC}") = "Tyuiu.BatogovRK.Sprint3.Task4.V23", "Tyuiu.BatogovRK.Sprint3.Task4.V23\Tyuiu.BatogovRK.Sprint3.Task4.V23.csproj", "{74BA2E19-FF7F-4F48-A39D-523E9908A215}"
EndProject
Project("{FAE04EC0-301F-11D3-BF4B-00C04F79EFBC}") = "Tyuiu.BatogovRK.Sprint3.Task4.V23.Lib", "Tyuiu.BatogovRK.Sprint3.Task4.V23.Lib\Tyuiu.BatogovRK.Sprint3.Task4.V23.Lib.csproj", "{591D5838-D779-4770-B839-63165E777D74}"
EndProject
Project("{2150E333-8FDC-42A3-9474-1A3956D46DE8}") = "Task5", "Task5", "{0C262B0E-0DDD-4533-85A2-3D75C5854912}"
EndProject
Project("{FAE04EC0-301F-11D3-BF4B-00C04F79EFBC}") = "Tyuiu.BatogovRK.Sprint3.Task5.V4", "Tyuiu.BatogovRK.Sprint3.Task5.V4\Tyuiu.BatogovRK.Sprint3.Task5.V4.csproj", "{760DF58D-7DDD-468B-B8F0-C423A9B89BB4}"
EndProject
Project("{FAE04EC0-301F-11D3-BF4B-00C04F79EFBC}") = "Tyuiu.BatogovRK.Sprint3.Task5.V4.Lib", "Tyuiu.BatogovRK.Sprint3.Task5.V4.Lib\Tyuiu.BatogovRK.Sprint3.Task5.V4.Lib.csproj", "{7E27DBDE-479E-4CC4-8167-DB4D5811AAF8}"
EndProject
Project("{FAE04EC0-301F-11D3-BF4B-00C04F79EFBC}") = "Tyuiu.BatogovRK.Sprint3.Task5.V4.Test", "Tyuiu.BatogovRK.Sprint3.Task5.V4.Test\Tyuiu.BatogovRK.Sprint3.Task5.V4.Test.csproj", "{029475FD-8211-492F-8EDA-0AFB71A40D1B}"
EndProject
Project("{2150E333-8FDC-42A3-9474-1A3956D46DE8}") = "Task6", "Task6", "{25BE70A8-C69F-4561-AA01-B2216CD7983F}"
EndProject
Project("{FAE04EC0-301F-11D3-BF4B-00C04F79EFBC}") = "Tyuiu.BatogovRK.Sprint3.Task6.V5.Lib", "Tyuiu.BatogovRK.Sprint3.Task6.V5.Lib\Tyuiu.BatogovRK.Sprint3.Task6.V5.Lib.csproj", "{21AF3905-9E20-48B8-B58C-665361B95148}"
EndProject
Project("{FAE04EC0-301F-11D3-BF4B-00C04F79EFBC}") = "Tyuiu.BatogovRK.Sprint3.Task6.V5.Test", "Tyuiu.BatogovRK.Sprint3.Task6.V5.Test\Tyuiu.BatogovRK.Sprint3.Task6.V5.Test.csproj", "{EA306A96-2A67-401C-80D0-3B7D8ED67097}"
EndProject
Project("{FAE04EC0-301F-11D3-BF4B-00C04F79EFBC}") = "Tyuiu.BatogovRK.Sprint3.Task6.V5", "Tyuiu.BatogovRK.Sprint3.Task6.V5\Tyuiu.BatogovRK.Sprint3.Task6.V5.csproj", "{CF95AAF3-A728-4CCB-B101-D3D47CBA88ED}"
EndProject
Project("{2150E333-8FDC-42A3-9474-1A3956D46DE8}") = "Task7", "Task7", "{B71EBD26-6C46-4F17-8F94-F7905BBA823E}"
EndProject
Project("{FAE04EC0-301F-11D3-BF4B-00C04F79EFBC}") = "Tyuiu.BatogovRK.Sprint3.Task7.V23.Lib", "Tyuiu.BatogovRK.Sprint3.Task7.v23.Lib\Tyuiu.BatogovRK.Sprint3.Task7.V23.Lib.csproj", "{8F612A14-0BE9-4AC9-BC84-00340AC2D912}"
EndProject
Project("{FAE04EC0-301F-11D3-BF4B-00C04F79EFBC}") = "Tyuiu.BatogovRK.Sprint3.Task7.V23.Test", "Tyuiu.BatogovRK.Sprint3.Task7.V23.Test\Tyuiu.BatogovRK.Sprint3.Task7.V23.Test.csproj", "{D64E8FC5-4936-4D3C-B456-DC434DDCC7DF}"
EndProject
Project("{FAE04EC0-301F-11D3-BF4B-00C04F79EFBC}") = "Tyuiu.BatogovRK.Sprint3.Task7.V23", "Tyuiu.BatogovRK.Sprint3.Task7.V23\Tyuiu.BatogovRK.Sprint3.Task7.V23.csproj", "{59392EB3-1DD7-4E26-8882-BCF6A6013265}"
EndProject
Global
	GlobalSection(SolutionConfigurationPlatforms) = preSolution
		Debug|Any CPU = Debug|Any CPU
		Release|Any CPU = Release|Any CPU
	EndGlobalSection
	GlobalSection(ProjectConfigurationPlatforms) = postSolution
		{5D3A8EDA-2B1B-495C-958E-88A69BF71C1A}.Debug|Any CPU.ActiveCfg = Debug|Any CPU
		{5D3A8EDA-2B1B-495C-958E-88A69BF71C1A}.Debug|Any CPU.Build.0 = Debug|Any CPU
		{5D3A8EDA-2B1B-495C-958E-88A69BF71C1A}.Release|Any CPU.ActiveCfg = Release|Any CPU
		{5D3A8EDA-2B1B-495C-958E-88A69BF71C1A}.Release|Any CPU.Build.0 = Release|Any CPU
		{E4F663DD-EA0B-4C1A-91B3-F2616AE4FF50}.Debug|Any CPU.ActiveCfg = Debug|Any CPU
		{E4F663DD-EA0B-4C1A-91B3-F2616AE4FF50}.Debug|Any CPU.Build.0 = Debug|Any CPU
		{E4F663DD-EA0B-4C1A-91B3-F2616AE4FF50}.Release|Any CPU.ActiveCfg = Release|Any CPU
		{E4F663DD-EA0B-4C1A-91B3-F2616AE4FF50}.Release|Any CPU.Build.0 = Release|Any CPU
		{77F9E629-5332-43C2-919D-2EB413F31546}.Debug|Any CPU.ActiveCfg = Debug|Any CPU
		{77F9E629-5332-43C2-919D-2EB413F31546}.Debug|Any CPU.Build.0 = Debug|Any CPU
		{77F9E629-5332-43C2-919D-2EB413F31546}.Release|Any CPU.ActiveCfg = Release|Any CPU
		{77F9E629-5332-43C2-919D-2EB413F31546}.Release|Any CPU.Build.0 = Release|Any CPU
		{DFA278B2-0B6E-4DD2-A5D8-54FFBF46E027}.Debug|Any CPU.ActiveCfg = Debug|Any CPU
		{DFA278B2-0B6E-4DD2-A5D8-54FFBF46E027}.Debug|Any CPU.Build.0 = Debug|Any CPU
		{DFA278B2-0B6E-4DD2-A5D8-54FFBF46E027}.Release|Any CPU.ActiveCfg = Release|Any CPU
		{DFA278B2-0B6E-4DD2-A5D8-54FFBF46E027}.Release|Any CPU.Build.0 = Release|Any CPU
		{3F2FBF6D-0C43-4693-A84B-438F256BFA78}.Debug|Any CPU.ActiveCfg = Debug|Any CPU
		{3F2FBF6D-0C43-4693-A84B-438F256BFA78}.Debug|Any CPU.Build.0 = Debug|Any CPU
		{3F2FBF6D-0C43-4693-A84B-438F256BFA78}.Release|Any CPU.ActiveCfg = Release|Any CPU
		{3F2FBF6D-0C43-4693-A84B-438F256BFA78}.Release|Any CPU.Build.0 = Release|Any CPU
		{749804D5-0713-457C-8F94-77AAE01D3CA5}.Debug|Any CPU.ActiveCfg = Debug|Any CPU
		{749804D5-0713-457C-8F94-77AAE01D3CA5}.Debug|Any CPU.Build.0 = Debug|Any CPU
		{749804D5-0713-457C-8F94-77AAE01D3CA5}.Release|Any CPU.ActiveCfg = Release|Any CPU
		{749804D5-0713-457C-8F94-77AAE01D3CA5}.Release|Any CPU.Build.0 = Release|Any CPU
		{60C7B6C3-04CF-418C-9442-520F97475542}.Debug|Any CPU.ActiveCfg = Debug|Any CPU
		{60C7B6C3-04CF-418C-9442-520F97475542}.Debug|Any CPU.Build.0 = Debug|Any CPU
		{60C7B6C3-04CF-418C-9442-520F97475542}.Release|Any CPU.ActiveCfg = Release|Any CPU
		{60C7B6C3-04CF-418C-9442-520F97475542}.Release|Any CPU.Build.0 = Release|Any CPU
		{CCEB6001-7BC2-4EB8-A14E-9723674807DC}.Debug|Any CPU.ActiveCfg = Debug|Any CPU
		{CCEB6001-7BC2-4EB8-A14E-9723674807DC}.Debug|Any CPU.Build.0 = Debug|Any CPU
		{CCEB6001-7BC2-4EB8-A14E-9723674807DC}.Release|Any CPU.ActiveCfg = Release|Any CPU
		{CCEB6001-7BC2-4EB8-A14E-9723674807DC}.Release|Any CPU.Build.0 = Release|Any CPU
		{9D15C904-1477-4318-A1E2-A40C6DF17847}.Debug|Any CPU.ActiveCfg = Debug|Any CPU
		{9D15C904-1477-4318-A1E2-A40C6DF17847}.Debug|Any CPU.Build.0 = Debug|Any CPU
		{9D15C904-1477-4318-A1E2-A40C6DF17847}.Release|Any CPU.ActiveCfg = Release|Any CPU
		{9D15C904-1477-4318-A1E2-A40C6DF17847}.Release|Any CPU.Build.0 = Release|Any CPU
		{5D2D5E98-F20A-4FF0-8527-5F6B2B621602}.Debug|Any CPU.ActiveCfg = Debug|Any CPU
		{5D2D5E98-F20A-4FF0-8527-5F6B2B621602}.Debug|Any CPU.Build.0 = Debug|Any CPU
		{5D2D5E98-F20A-4FF0-8527-5F6B2B621602}.Release|Any CPU.ActiveCfg = Release|Any CPU
		{5D2D5E98-F20A-4FF0-8527-5F6B2B621602}.Release|Any CPU.Build.0 = Release|Any CPU
		{D4C03DC7-6AD3-4627-B431-2057070AFAB8}.Debug|Any CPU.ActiveCfg = Debug|Any CPU
		{D4C03DC7-6AD3-4627-B431-2057070AFAB8}.Debug|Any CPU.Build.0 = Debug|Any CPU
		{D4C03DC7-6AD3-4627-B431-2057070AFAB8}.Release|Any CPU.ActiveCfg = Release|Any CPU
		{D4C03DC7-6AD3-4627-B431-2057070AFAB8}.Release|Any CPU.Build.0 = Release|Any CPU
		{B3AFFC63-8ADE-4B02-9A14-972ACA048696}.Debug|Any CPU.ActiveCfg = Debug|Any CPU
		{B3AFFC63-8ADE-4B02-9A14-972ACA048696}.Debug|Any CPU.Build.0 = Debug|Any CPU
		{B3AFFC63-8ADE-4B02-9A14-972ACA048696}.Release|Any CPU.ActiveCfg = Release|Any CPU
		{B3AFFC63-8ADE-4B02-9A14-972ACA048696}.Release|Any CPU.Build.0 = Release|Any CPU
		{1D82953F-2CD9-4471-A01B-4BE3AA466A09}.Debug|Any CPU.ActiveCfg = Debug|Any CPU
		{1D82953F-2CD9-4471-A01B-4BE3AA466A09}.Debug|Any CPU.Build.0 = Debug|Any CPU
		{1D82953F-2CD9-4471-A01B-4BE3AA466A09}.Release|Any CPU.ActiveCfg = Release|Any CPU
		{1D82953F-2CD9-4471-A01B-4BE3AA466A09}.Release|Any CPU.Build.0 = Release|Any CPU
		{74BA2E19-FF7F-4F48-A39D-523E9908A215}.Debug|Any CPU.ActiveCfg = Debug|Any CPU
		{74BA2E19-FF7F-4F48-A39D-523E9908A215}.Debug|Any CPU.Build.0 = Debug|Any CPU
		{74BA2E19-FF7F-4F48-A39D-523E9908A215}.Release|Any CPU.ActiveCfg = Release|Any CPU
		{74BA2E19-FF7F-4F48-A39D-523E9908A215}.Release|Any CPU.Build.0 = Release|Any CPU
		{591D5838-D779-4770-B839-63165E777D74}.Debug|Any CPU.ActiveCfg = Debug|Any CPU
		{591D5838-D779-4770-B839-63165E777D74}.Debug|Any CPU.Build.0 = Debug|Any CPU
		{591D5838-D779-4770-B839-63165E777D74}.Release|Any CPU.ActiveCfg = Release|Any CPU
		{591D5838-D779-4770-B839-63165E777D74}.Release|Any CPU.Build.0 = Release|Any CPU
		{760DF58D-7DDD-468B-B8F0-C423A9B89BB4}.Debug|Any CPU.ActiveCfg = Debug|Any CPU
		{760DF58D-7DDD-468B-B8F0-C423A9B89BB4}.Debug|Any CPU.Build.0 = Debug|Any CPU
		{760DF58D-7DDD-468B-B8F0-C423A9B89BB4}.Release|Any CPU.ActiveCfg = Release|Any CPU
		{760DF58D-7DDD-468B-B8F0-C423A9B89BB4}.Release|Any CPU.Build.0 = Release|Any CPU
		{7E27DBDE-479E-4CC4-8167-DB4D5811AAF8}.Debug|Any CPU.ActiveCfg = Debug|Any CPU
		{7E27DBDE-479E-4CC4-8167-DB4D5811AAF8}.Debug|Any CPU.Build.0 = Debug|Any CPU
		{7E27DBDE-479E-4CC4-8167-DB4D5811AAF8}.Release|Any CPU.ActiveCfg = Release|Any CPU
		{7E27DBDE-479E-4CC4-8167-DB4D5811AAF8}.Release|Any CPU.Build.0 = Release|Any CPU
		{029475FD-8211-492F-8EDA-0AFB71A40D1B}.Debug|Any CPU.ActiveCfg = Debug|Any CPU
		{029475FD-8211-492F-8EDA-0AFB71A40D1B}.Debug|Any CPU.Build.0 = Debug|Any CPU
		{029475FD-8211-492F-8EDA-0AFB71A40D1B}.Release|Any CPU.ActiveCfg = Release|Any CPU
		{029475FD-8211-492F-8EDA-0AFB71A40D1B}.Release|Any CPU.Build.0 = Release|Any CPU
		{21AF3905-9E20-48B8-B58C-665361B95148}.Debug|Any CPU.ActiveCfg = Debug|Any CPU
		{21AF3905-9E20-48B8-B58C-665361B95148}.Debug|Any CPU.Build.0 = Debug|Any CPU
		{21AF3905-9E20-48B8-B58C-665361B95148}.Release|Any CPU.ActiveCfg = Release|Any CPU
		{21AF3905-9E20-48B8-B58C-665361B95148}.Release|Any CPU.Build.0 = Release|Any CPU
		{EA306A96-2A67-401C-80D0-3B7D8ED67097}.Debug|Any CPU.ActiveCfg = Debug|Any CPU
		{EA306A96-2A67-401C-80D0-3B7D8ED67097}.Debug|Any CPU.Build.0 = Debug|Any CPU
		{EA306A96-2A67-401C-80D0-3B7D8ED67097}.Release|Any CPU.ActiveCfg = Release|Any CPU
		{EA306A96-2A67-401C-80D0-3B7D8ED67097}.Release|Any CPU.Build.0 = Release|Any CPU
		{CF95AAF3-A728-4CCB-B101-D3D47CBA88ED}.Debug|Any CPU.ActiveCfg = Debug|Any CPU
		{CF95AAF3-A728-4CCB-B101-D3D47CBA88ED}.Debug|Any CPU.Build.0 = Debug|Any CPU
		{CF95AAF3-A728-4CCB-B101-D3D47CBA88ED}.Release|Any CPU.ActiveCfg = Release|Any CPU
		{CF95AAF3-A728-4CCB-B101-D3D47CBA88ED}.Release|Any CPU.Build.0 = Release|Any CPU
		{8F612A14-0BE9-4AC9-BC84-00340AC2D912}.Debug|Any CPU.ActiveCfg = Debug|Any CPU
		{8F612A14-0BE9-4AC9-BC84-00340AC2D912}.Debug|Any CPU.Build.0 = Debug|Any CPU
		{8F612A14-0BE9-4AC9-BC84-00340AC2D912}.Release|Any CPU.ActiveCfg = Release|Any CPU
		{8F612A14-0BE9-4AC9-BC84-00340AC2D912}.Release|Any CPU.Build.0 = Release|Any CPU
		{D64E8FC5-4936-4D3C-B456-DC434DDCC7DF}.Debug|Any CPU.ActiveCfg = Debug|Any CPU
		{D64E8FC5-4936-4D3C-B456-DC434DDCC7DF}.Debug|Any CPU.Build.0 = Debug|Any CPU
		{D64E8FC5-4936-4D3C-B456-DC434DDCC7DF}.Release|Any CPU.ActiveCfg = Release|Any CPU
		{D64E8FC5-4936-4D3C-B456-DC434DDCC7DF}.Release|Any CPU.Build.0 = Release|Any CPU
		{59392EB3-1DD7-4E26-8882-BCF6A6013265}.Debug|Any CPU.ActiveCfg = Debug|Any CPU
		{59392EB3-1DD7-4E26-8882-BCF6A6013265}.Debug|Any CPU.Build.0 = Debug|Any CPU
		{59392EB3-1DD7-4E26-8882-BCF6A6013265}.Release|Any CPU.ActiveCfg = Release|Any CPU
		{59392EB3-1DD7-4E26-8882-BCF6A6013265}.Release|Any CPU.Build.0 = Release|Any CPU
	EndGlobalSection
	GlobalSection(SolutionProperties) = preSolution
		HideSolutionNode = FALSE
	EndGlobalSection
	GlobalSection(NestedProjects) = preSolution
		{5D3A8EDA-2B1B-495C-958E-88A69BF71C1A} = {02EA681E-C7D8-13C7-8484-4AC65E1B71E8}
		{E4F663DD-EA0B-4C1A-91B3-F2616AE4FF50} = {02EA681E-C7D8-13C7-8484-4AC65E1B71E8}
		{77F9E629-5332-43C2-919D-2EB413F31546} = {02EA681E-C7D8-13C7-8484-4AC65E1B71E8}
		{DFA278B2-0B6E-4DD2-A5D8-54FFBF46E027} = {B9AC5CB5-D8AC-4640-8C64-12236279D6EA}
		{3F2FBF6D-0C43-4693-A84B-438F256BFA78} = {B9AC5CB5-D8AC-4640-8C64-12236279D6EA}
		{749804D5-0713-457C-8F94-77AAE01D3CA5} = {B9AC5CB5-D8AC-4640-8C64-12236279D6EA}
		{60C7B6C3-04CF-418C-9442-520F97475542} = {45A7BA6F-BC46-49C4-B5B0-471658219939}
		{CCEB6001-7BC2-4EB8-A14E-9723674807DC} = {45A7BA6F-BC46-49C4-B5B0-471658219939}
		{9D15C904-1477-4318-A1E2-A40C6DF17847} = {45A7BA6F-BC46-49C4-B5B0-471658219939}
		{5D2D5E98-F20A-4FF0-8527-5F6B2B621602} = {72893C23-F162-44D7-831F-FB2A5BFADB69}
		{D4C03DC7-6AD3-4627-B431-2057070AFAB8} = {72893C23-F162-44D7-831F-FB2A5BFADB69}
		{B3AFFC63-8ADE-4B02-9A14-972ACA048696} = {72893C23-F162-44D7-831F-FB2A5BFADB69}
		{1D82953F-2CD9-4471-A01B-4BE3AA466A09} = {5BAF947F-C748-4A10-907D-ECABB0265104}
		{74BA2E19-FF7F-4F48-A39D-523E9908A215} = {5BAF947F-C748-4A10-907D-ECABB0265104}
		{591D5838-D779-4770-B839-63165E777D74} = {5BAF947F-C748-4A10-907D-ECABB0265104}
		{760DF58D-7DDD-468B-B8F0-C423A9B89BB4} = {0C262B0E-0DDD-4533-85A2-3D75C5854912}
		{7E27DBDE-479E-4CC4-8167-DB4D5811AAF8} = {0C262B0E-0DDD-4533-85A2-3D75C5854912}
		{029475FD-8211-492F-8EDA-0AFB71A40D1B} = {0C262B0E-0DDD-4533-85A2-3D75C5854912}
		{21AF3905-9E20-48B8-B58C-665361B95148} = {25BE70A8-C69F-4561-AA01-B2216CD7983F}
		{EA306A96-2A67-401C-80D0-3B7D8ED67097} = {25BE70A8-C69F-4561-AA01-B2216CD7983F}
		{CF95AAF3-A728-4CCB-B101-D3D47CBA88ED} = {25BE70A8-C69F-4561-AA01-B2216CD7983F}
		{8F612A14-0BE9-4AC9-BC84-00340AC2D912} = {B71EBD26-6C46-4F17-8F94-F7905BBA823E}
		{D64E8FC5-4936-4D3C-B456-DC434DDCC7DF} = {B71EBD26-6C46-4F17-8F94-F7905BBA823E}
		{59392EB3-1DD7-4E26-8882-BCF6A6013265} = {B71EBD26-6C46-4F17-8F94-F7905BBA823E}
	EndGlobalSection
	GlobalSection(ExtensibilityGlobals) = postSolution
		SolutionGuid = {2B38A5C1-E8E8-4E63-A624-98271D0BE429}
	EndGlobalSection
EndGlobal
